// !$*UTF8*$!
{
	archiveVersion = 1;
	classes = {
	};
	objectVersion = 56;
	objects = {

/* Begin PBXBuildFile section */
		FD7C22BE2B791FBE00CA1FC1 /* GoogleService-Info.plist in Resources */ = {isa = PBXBuildFile; fileRef = FD7C22BD2B791FBE00CA1FC1 /* GoogleService-Info.plist */; };
		FD7C22C12B79208E00CA1FC1 /* FirebaseAnalytics in Frameworks */ = {isa = PBXBuildFile; productRef = FD7C22C02B79208E00CA1FC1 /* FirebaseAnalytics */; };
		FDFD05C12B74E59C0029CA87 /* appApp.swift in Sources */ = {isa = PBXBuildFile; fileRef = FDFD05C02B74E59C0029CA87 /* appApp.swift */; };
		FDFD05C32B74E59C0029CA87 /* ContentView.swift in Sources */ = {isa = PBXBuildFile; fileRef = FDFD05C22B74E59C0029CA87 /* ContentView.swift */; };
		FDFD05C52B74E59D0029CA87 /* Assets.xcassets in Resources */ = {isa = PBXBuildFile; fileRef = FDFD05C42B74E59D0029CA87 /* Assets.xcassets */; };
		FDFD05C82B74E59D0029CA87 /* Preview Assets.xcassets in Resources */ = {isa = PBXBuildFile; fileRef = FDFD05C72B74E59D0029CA87 /* Preview Assets.xcassets */; };
		FDFD05D22B74E59E0029CA87 /* appTests.swift in Sources */ = {isa = PBXBuildFile; fileRef = FDFD05D12B74E59E0029CA87 /* appTests.swift */; };
		FDFD05DC2B74E59E0029CA87 /* appUITests.swift in Sources */ = {isa = PBXBuildFile; fileRef = FDFD05DB2B74E59E0029CA87 /* appUITests.swift */; };
		FDFD05DE2B74E59E0029CA87 /* appUITestsLaunchTests.swift in Sources */ = {isa = PBXBuildFile; fileRef = FDFD05DD2B74E59E0029CA87 /* appUITestsLaunchTests.swift */; };
		FDFD05EB2B74E6890029CA87 /* Webview.swift in Sources */ = {isa = PBXBuildFile; fileRef = FDFD05EA2B74E6890029CA87 /* Webview.swift */; };
/* End PBXBuildFile section */

/* Begin PBXContainerItemProxy section */
		FDFD05CE2B74E59E0029CA87 /* PBXContainerItemProxy */ = {
			isa = PBXContainerItemProxy;
			containerPortal = FDFD05B52B74E59C0029CA87 /* Project object */;
			proxyType = 1;
			remoteGlobalIDString = FDFD05BC2B74E59C0029CA87;
			remoteInfo = app;
		};
		FDFD05D82B74E59E0029CA87 /* PBXContainerItemProxy */ = {
			isa = PBXContainerItemProxy;
			containerPortal = FDFD05B52B74E59C0029CA87 /* Project object */;
			proxyType = 1;
			remoteGlobalIDString = FDFD05BC2B74E59C0029CA87;
			remoteInfo = app;
		};
/* End PBXContainerItemProxy section */

/* Begin PBXFileReference section */
		FD7C22BD2B791FBE00CA1FC1 /* GoogleService-Info.plist */ = {isa = PBXFileReference; fileEncoding = 4; lastKnownFileType = text.plist.xml; path = "GoogleService-Info.plist"; sourceTree = "<group>"; };
		FDFD05BD2B74E59C0029CA87 /* app.app */ = {isa = PBXFileReference; explicitFileType = wrapper.application; includeInIndex = 0; path = app.app; sourceTree = BUILT_PRODUCTS_DIR; };
		FDFD05C02B74E59C0029CA87 /* appApp.swift */ = {isa = PBXFileReference; lastKnownFileType = sourcecode.swift; path = appApp.swift; sourceTree = "<group>"; };
		FDFD05C22B74E59C0029CA87 /* ContentView.swift */ = {isa = PBXFileReference; lastKnownFileType = sourcecode.swift; path = ContentView.swift; sourceTree = "<group>"; };
		FDFD05C42B74E59D0029CA87 /* Assets.xcassets */ = {isa = PBXFileReference; lastKnownFileType = folder.assetcatalog; path = Assets.xcassets; sourceTree = "<group>"; };
		FDFD05C72B74E59D0029CA87 /* Preview Assets.xcassets */ = {isa = PBXFileReference; lastKnownFileType = folder.assetcatalog; path = "Preview Assets.xcassets"; sourceTree = "<group>"; };
		FDFD05CD2B74E59E0029CA87 /* appTests.xctest */ = {isa = PBXFileReference; explicitFileType = wrapper.cfbundle; includeInIndex = 0; path = appTests.xctest; sourceTree = BUILT_PRODUCTS_DIR; };
		FDFD05D12B74E59E0029CA87 /* appTests.swift */ = {isa = PBXFileReference; lastKnownFileType = sourcecode.swift; path = appTests.swift; sourceTree = "<group>"; };
		FDFD05D72B74E59E0029CA87 /* appUITests.xctest */ = {isa = PBXFileReference; explicitFileType = wrapper.cfbundle; includeInIndex = 0; path = appUITests.xctest; sourceTree = BUILT_PRODUCTS_DIR; };
		FDFD05DB2B74E59E0029CA87 /* appUITests.swift */ = {isa = PBXFileReference; lastKnownFileType = sourcecode.swift; path = appUITests.swift; sourceTree = "<group>"; };
		FDFD05DD2B74E59E0029CA87 /* appUITestsLaunchTests.swift */ = {isa = PBXFileReference; lastKnownFileType = sourcecode.swift; path = appUITestsLaunchTests.swift; sourceTree = "<group>"; };
		FDFD05EA2B74E6890029CA87 /* Webview.swift */ = {isa = PBXFileReference; lastKnownFileType = sourcecode.swift; path = Webview.swift; sourceTree = "<group>"; };
/* End PBXFileReference section */

/* Begin PBXFrameworksBuildPhase section */
		FDFD05BA2B74E59C0029CA87 /* Frameworks */ = {
			isa = PBXFrameworksBuildPhase;
			buildActionMask = 2147483647;
			files = (
				FD7C22C12B79208E00CA1FC1 /* FirebaseAnalytics in Frameworks */,
			);
			runOnlyForDeploymentPostprocessing = 0;
		};
		FDFD05CA2B74E59E0029CA87 /* Frameworks */ = {
			isa = PBXFrameworksBuildPhase;
			buildActionMask = 2147483647;
			files = (
			);
			runOnlyForDeploymentPostprocessing = 0;
		};
		FDFD05D42B74E59E0029CA87 /* Frameworks */ = {
			isa = PBXFrameworksBuildPhase;
			buildActionMask = 2147483647;
			files = (
			);
			runOnlyForDeploymentPostprocessing = 0;
		};
/* End PBXFrameworksBuildPhase section */

/* Begin PBXGroup section */
		FDFD05B42B74E59C0029CA87 = {
			isa = PBXGroup;
			children = (
				FDFD05BF2B74E59C0029CA87 /* app */,
				FDFD05D02B74E59E0029CA87 /* appTests */,
				FDFD05DA2B74E59E0029CA87 /* appUITests */,
				FDFD05BE2B74E59C0029CA87 /* Products */,
			);
			sourceTree = "<group>";
		};
		FDFD05BE2B74E59C0029CA87 /* Products */ = {
			isa = PBXGroup;
			children = (
				FDFD05BD2B74E59C0029CA87 /* app.app */,
				FDFD05CD2B74E59E0029CA87 /* appTests.xctest */,
				FDFD05D72B74E59E0029CA87 /* appUITests.xctest */,
			);
			name = Products;
			sourceTree = "<group>";
		};
		FDFD05BF2B74E59C0029CA87 /* app */ = {
			isa = PBXGroup;
			children = (
				FD7C22BD2B791FBE00CA1FC1 /* GoogleService-Info.plist */,
				FDFD05C02B74E59C0029CA87 /* appApp.swift */,
				FDFD05C22B74E59C0029CA87 /* ContentView.swift */,
				FDFD05C42B74E59D0029CA87 /* Assets.xcassets */,
				FDFD05C62B74E59D0029CA87 /* Preview Content */,
				FDFD05EA2B74E6890029CA87 /* Webview.swift */,
			);
			path = app;
			sourceTree = "<group>";
		};
		FDFD05C62B74E59D0029CA87 /* Preview Content */ = {
			isa = PBXGroup;
			children = (
				FDFD05C72B74E59D0029CA87 /* Preview Assets.xcassets */,
			);
			path = "Preview Content";
			sourceTree = "<group>";
		};
		FDFD05D02B74E59E0029CA87 /* appTests */ = {
			isa = PBXGroup;
			children = (
				FDFD05D12B74E59E0029CA87 /* appTests.swift */,
			);
			path = appTests;
			sourceTree = "<group>";
		};
		FDFD05DA2B74E59E0029CA87 /* appUITests */ = {
			isa = PBXGroup;
			children = (
				FDFD05DB2B74E59E0029CA87 /* appUITests.swift */,
				FDFD05DD2B74E59E0029CA87 /* appUITestsLaunchTests.swift */,
			);
			path = appUITests;
			sourceTree = "<group>";
		};
/* End PBXGroup section */

/* Begin PBXNativeTarget section */
		FDFD05BC2B74E59C0029CA87 /* app */ = {
			isa = PBXNativeTarget;
			buildConfigurationList = FDFD05E12B74E59E0029CA87 /* Build configuration list for PBXNativeTarget "app" */;
			buildPhases = (
				FDFD05B92B74E59C0029CA87 /* Sources */,
				FDFD05BA2B74E59C0029CA87 /* Frameworks */,
				FDFD05BB2B74E59C0029CA87 /* Resources */,
			);
			buildRules = (
			);
			dependencies = (
			);
			name = app;
			packageProductDependencies = (
				FD7C22C02B79208E00CA1FC1 /* FirebaseAnalytics */,
			);
			productName = app;
			productReference = FDFD05BD2B74E59C0029CA87 /* app.app */;
			productType = "com.apple.product-type.application";
		};
		FDFD05CC2B74E59E0029CA87 /* appTests */ = {
			isa = PBXNativeTarget;
			buildConfigurationList = FDFD05E42B74E59E0029CA87 /* Build configuration list for PBXNativeTarget "appTests" */;
			buildPhases = (
				FDFD05C92B74E59E0029CA87 /* Sources */,
				FDFD05CA2B74E59E0029CA87 /* Frameworks */,
				FDFD05CB2B74E59E0029CA87 /* Resources */,
			);
			buildRules = (
			);
			dependencies = (
				FDFD05CF2B74E59E0029CA87 /* PBXTargetDependency */,
			);
			name = appTests;
			productName = appTests;
			productReference = FDFD05CD2B74E59E0029CA87 /* appTests.xctest */;
			productType = "com.apple.product-type.bundle.unit-test";
		};
		FDFD05D62B74E59E0029CA87 /* appUITests */ = {
			isa = PBXNativeTarget;
			buildConfigurationList = FDFD05E72B74E59E0029CA87 /* Build configuration list for PBXNativeTarget "appUITests" */;
			buildPhases = (
				FDFD05D32B74E59E0029CA87 /* Sources */,
				FDFD05D42B74E59E0029CA87 /* Frameworks */,
				FDFD05D52B74E59E0029CA87 /* Resources */,
			);
			buildRules = (
			);
			dependencies = (
				FDFD05D92B74E59E0029CA87 /* PBXTargetDependency */,
			);
			name = appUITests;
			productName = appUITests;
			productReference = FDFD05D72B74E59E0029CA87 /* appUITests.xctest */;
			productType = "com.apple.product-type.bundle.ui-testing";
		};
/* End PBXNativeTarget section */

/* Begin PBXProject section */
		FDFD05B52B74E59C0029CA87 /* Project object */ = {
			isa = PBXProject;
			attributes = {
				BuildIndependentTargetsInParallel = 1;
				LastSwiftUpdateCheck = 1430;
				LastUpgradeCheck = 1430;
				TargetAttributes = {
					FDFD05BC2B74E59C0029CA87 = {
						CreatedOnToolsVersion = 14.3.1;
					};
					FDFD05CC2B74E59E0029CA87 = {
						CreatedOnToolsVersion = 14.3.1;
						TestTargetID = FDFD05BC2B74E59C0029CA87;
					};
					FDFD05D62B74E59E0029CA87 = {
						CreatedOnToolsVersion = 14.3.1;
						TestTargetID = FDFD05BC2B74E59C0029CA87;
					};
				};
			};
			buildConfigurationList = FDFD05B82B74E59C0029CA87 /* Build configuration list for PBXProject "app" */;
			compatibilityVersion = "Xcode 14.0";
			developmentRegion = en;
			hasScannedForEncodings = 0;
			knownRegions = (
				en,
				Base,
			);
			mainGroup = FDFD05B42B74E59C0029CA87;
			packageReferences = (
				FD7C22BF2B79208E00CA1FC1 /* XCRemoteSwiftPackageReference "firebase-ios-sdk" */,
			);
			productRefGroup = FDFD05BE2B74E59C0029CA87 /* Products */;
			projectDirPath = "";
			projectRoot = "";
			targets = (
				FDFD05BC2B74E59C0029CA87 /* app */,
				FDFD05CC2B74E59E0029CA87 /* appTests */,
				FDFD05D62B74E59E0029CA87 /* appUITests */,
			);
		};
/* End PBXProject section */

/* Begin PBXResourcesBuildPhase section */
		FDFD05BB2B74E59C0029CA87 /* Resources */ = {
			isa = PBXResourcesBuildPhase;
			buildActionMask = 2147483647;
			files = (
				FDFD05C82B74E59D0029CA87 /* Preview Assets.xcassets in Resources */,
				FDFD05C52B74E59D0029CA87 /* Assets.xcassets in Resources */,
				FD7C22BE2B791FBE00CA1FC1 /* GoogleService-Info.plist in Resources */,
			);
			runOnlyForDeploymentPostprocessing = 0;
		};
		FDFD05CB2B74E59E0029CA87 /* Resources */ = {
			isa = PBXResourcesBuildPhase;
			buildActionMask = 2147483647;
			files = (
			);
			runOnlyForDeploymentPostprocessing = 0;
		};
		FDFD05D52B74E59E0029CA87 /* Resources */ = {
			isa = PBXResourcesBuildPhase;
			buildActionMask = 2147483647;
			files = (
			);
			runOnlyForDeploymentPostprocessing = 0;
		};
/* End PBXResourcesBuildPhase section */

/* Begin PBXSourcesBuildPhase section */
		FDFD05B92B74E59C0029CA87 /* Sources */ = {
			isa = PBXSourcesBuildPhase;
			buildActionMask = 2147483647;
			files = (
				FDFD05EB2B74E6890029CA87 /* Webview.swift in Sources */,
				FDFD05C32B74E59C0029CA87 /* ContentView.swift in Sources */,
				FDFD05C12B74E59C0029CA87 /* appApp.swift in Sources */,
			);
			runOnlyForDeploymentPostprocessing = 0;
		};
		FDFD05C92B74E59E0029CA87 /* Sources */ = {
			isa = PBXSourcesBuildPhase;
			buildActionMask = 2147483647;
			files = (
				FDFD05D22B74E59E0029CA87 /* appTests.swift in Sources */,
			);
			runOnlyForDeploymentPostprocessing = 0;
		};
		FDFD05D32B74E59E0029CA87 /* Sources */ = {
			isa = PBXSourcesBuildPhase;
			buildActionMask = 2147483647;
			files = (
				FDFD05DE2B74E59E0029CA87 /* appUITestsLaunchTests.swift in Sources */,
				FDFD05DC2B74E59E0029CA87 /* appUITests.swift in Sources */,
			);
			runOnlyForDeploymentPostprocessing = 0;
		};
/* End PBXSourcesBuildPhase section */

/* Begin PBXTargetDependency section */
		FDFD05CF2B74E59E0029CA87 /* PBXTargetDependency */ = {
			isa = PBXTargetDependency;
			target = FDFD05BC2B74E59C0029CA87 /* app */;
			targetProxy = FDFD05CE2B74E59E0029CA87 /* PBXContainerItemProxy */;
		};
		FDFD05D92B74E59E0029CA87 /* PBXTargetDependency */ = {
			isa = PBXTargetDependency;
			target = FDFD05BC2B74E59C0029CA87 /* app */;
			targetProxy = FDFD05D82B74E59E0029CA87 /* PBXContainerItemProxy */;
		};
/* End PBXTargetDependency section */

/* Begin XCBuildConfiguration section */
		FDFD05DF2B74E59E0029CA87 /* Debug */ = {
			isa = XCBuildConfiguration;
			buildSettings = {
				ALWAYS_SEARCH_USER_PATHS = NO;
				CLANG_ANALYZER_NONNULL = YES;
				CLANG_ANALYZER_NUMBER_OBJECT_CONVERSION = YES_AGGRESSIVE;
				CLANG_CXX_LANGUAGE_STANDARD = "gnu++20";
				CLANG_ENABLE_MODULES = YES;
				CLANG_ENABLE_OBJC_ARC = YES;
				CLANG_ENABLE_OBJC_WEAK = YES;
				CLANG_WARN_BLOCK_CAPTURE_AUTORELEASING = YES;
				CLANG_WARN_BOOL_CONVERSION = YES;
				CLANG_WARN_COMMA = YES;
				CLANG_WARN_CONSTANT_CONVERSION = YES;
				CLANG_WARN_DEPRECATED_OBJC_IMPLEMENTATIONS = YES;
				CLANG_WARN_DIRECT_OBJC_ISA_USAGE = YES_ERROR;
				CLANG_WARN_DOCUMENTATION_COMMENTS = YES;
				CLANG_WARN_EMPTY_BODY = YES;
				CLANG_WARN_ENUM_CONVERSION = YES;
				CLANG_WARN_INFINITE_RECURSION = YES;
				CLANG_WARN_INT_CONVERSION = YES;
				CLANG_WARN_NON_LITERAL_NULL_CONVERSION = YES;
				CLANG_WARN_OBJC_IMPLICIT_RETAIN_SELF = YES;
				CLANG_WARN_OBJC_LITERAL_CONVERSION = YES;
				CLANG_WARN_OBJC_ROOT_CLASS = YES_ERROR;
				CLANG_WARN_QUOTED_INCLUDE_IN_FRAMEWORK_HEADER = YES;
				CLANG_WARN_RANGE_LOOP_ANALYSIS = YES;
				CLANG_WARN_STRICT_PROTOTYPES = YES;
				CLANG_WARN_SUSPICIOUS_MOVE = YES;
				CLANG_WARN_UNGUARDED_AVAILABILITY = YES_AGGRESSIVE;
				CLANG_WARN_UNREACHABLE_CODE = YES;
				CLANG_WARN__DUPLICATE_METHOD_MATCH = YES;
				COPY_PHASE_STRIP = NO;
				DEBUG_INFORMATION_FORMAT = dwarf;
				ENABLE_STRICT_OBJC_MSGSEND = YES;
				ENABLE_TESTABILITY = YES;
				GCC_C_LANGUAGE_STANDARD = gnu11;
				GCC_DYNAMIC_NO_PIC = NO;
				GCC_NO_COMMON_BLOCKS = YES;
				GCC_OPTIMIZATION_LEVEL = 0;
				GCC_PREPROCESSOR_DEFINITIONS = (
					"DEBUG=1",
					"$(inherited)",
				);
				GCC_WARN_64_TO_32_BIT_CONVERSION = YES;
				GCC_WARN_ABOUT_RETURN_TYPE = YES_ERROR;
				GCC_WARN_UNDECLARED_SELECTOR = YES;
				GCC_WARN_UNINITIALIZED_AUTOS = YES_AGGRESSIVE;
				GCC_WARN_UNUSED_FUNCTION = YES;
				GCC_WARN_UNUSED_VARIABLE = YES;
				INFOPLIST_KEY_CFBundleDisplayName = Finhub;
				IPHONEOS_DEPLOYMENT_TARGET = 16.4;
				MTL_ENABLE_DEBUG_INFO = INCLUDE_SOURCE;
				MTL_FAST_MATH = YES;
				ONLY_ACTIVE_ARCH = YES;
				SDKROOT = iphoneos;
				SWIFT_ACTIVE_COMPILATION_CONDITIONS = DEBUG;
				SWIFT_OPTIMIZATION_LEVEL = "-Onone";
			};
			name = Debug;
		};
		FDFD05E02B74E59E0029CA87 /* Release */ = {
			isa = XCBuildConfiguration;
			buildSettings = {
				ALWAYS_SEARCH_USER_PATHS = NO;
				CLANG_ANALYZER_NONNULL = YES;
				CLANG_ANALYZER_NUMBER_OBJECT_CONVERSION = YES_AGGRESSIVE;
				CLANG_CXX_LANGUAGE_STANDARD = "gnu++20";
				CLANG_ENABLE_MODULES = YES;
				CLANG_ENABLE_OBJC_ARC = YES;
				CLANG_ENABLE_OBJC_WEAK = YES;
				CLANG_WARN_BLOCK_CAPTURE_AUTORELEASING = YES;
				CLANG_WARN_BOOL_CONVERSION = YES;
				CLANG_WARN_COMMA = YES;
				CLANG_WARN_CONSTANT_CONVERSION = YES;
				CLANG_WARN_DEPRECATED_OBJC_IMPLEMENTATIONS = YES;
				CLANG_WARN_DIRECT_OBJC_ISA_USAGE = YES_ERROR;
				CLANG_WARN_DOCUMENTATION_COMMENTS = YES;
				CLANG_WARN_EMPTY_BODY = YES;
				CLANG_WARN_ENUM_CONVERSION = YES;
				CLANG_WARN_INFINITE_RECURSION = YES;
				CLANG_WARN_INT_CONVERSION = YES;
				CLANG_WARN_NON_LITERAL_NULL_CONVERSION = YES;
				CLANG_WARN_OBJC_IMPLICIT_RETAIN_SELF = YES;
				CLANG_WARN_OBJC_LITERAL_CONVERSION = YES;
				CLANG_WARN_OBJC_ROOT_CLASS = YES_ERROR;
				CLANG_WARN_QUOTED_INCLUDE_IN_FRAMEWORK_HEADER = YES;
				CLANG_WARN_RANGE_LOOP_ANALYSIS = YES;
				CLANG_WARN_STRICT_PROTOTYPES = YES;
				CLANG_WARN_SUSPICIOUS_MOVE = YES;
				CLANG_WARN_UNGUARDED_AVAILABILITY = YES_AGGRESSIVE;
				CLANG_WARN_UNREACHABLE_CODE = YES;
				CLANG_WARN__DUPLICATE_METHOD_MATCH = YES;
				COPY_PHASE_STRIP = NO;
				DEBUG_INFORMATION_FORMAT = "dwarf-with-dsym";
				ENABLE_NS_ASSERTIONS = NO;
				ENABLE_STRICT_OBJC_MSGSEND = YES;
				GCC_C_LANGUAGE_STANDARD = gnu11;
				GCC_NO_COMMON_BLOCKS = YES;
				GCC_WARN_64_TO_32_BIT_CONVERSION = YES;
				GCC_WARN_ABOUT_RETURN_TYPE = YES_ERROR;
				GCC_WARN_UNDECLARED_SELECTOR = YES;
				GCC_WARN_UNINITIALIZED_AUTOS = YES_AGGRESSIVE;
				GCC_WARN_UNUSED_FUNCTION = YES;
				GCC_WARN_UNUSED_VARIABLE = YES;
				INFOPLIST_KEY_CFBundleDisplayName = Finhub;
				IPHONEOS_DEPLOYMENT_TARGET = 16.4;
				MTL_ENABLE_DEBUG_INFO = NO;
				MTL_FAST_MATH = YES;
				SDKROOT = iphoneos;
				SWIFT_COMPILATION_MODE = wholemodule;
				SWIFT_OPTIMIZATION_LEVEL = "-O";
				VALIDATE_PRODUCT = YES;
			};
			name = Release;
		};
		FDFD05E22B74E59E0029CA87 /* Debug */ = {
			isa = XCBuildConfiguration;
			buildSettings = {
				ASSETCATALOG_COMPILER_APPICON_NAME = AppIcon;
				ASSETCATALOG_COMPILER_GLOBAL_ACCENT_COLOR_NAME = AccentColor;
				CODE_SIGN_STYLE = Automatic;
				CURRENT_PROJECT_VERSION = 1;
				DEVELOPMENT_ASSET_PATHS = "\"app/Preview Content\"";
				DEVELOPMENT_TEAM = JBY3X8KKJH;
				ENABLE_PREVIEWS = YES;
				GENERATE_INFOPLIST_FILE = YES;
				INFOPLIST_KEY_CFBundleDisplayName = "핀허브";
				INFOPLIST_KEY_UIApplicationSceneManifest_Generation = YES;
				INFOPLIST_KEY_UIApplicationSupportsIndirectInputEvents = YES;
				INFOPLIST_KEY_UILaunchScreen_Generation = YES;
				INFOPLIST_KEY_UISupportedInterfaceOrientations_iPad = "UIInterfaceOrientationPortrait UIInterfaceOrientationPortraitUpsideDown UIInterfaceOrientationLandscapeLeft UIInterfaceOrientationLandscapeRight";
				INFOPLIST_KEY_UISupportedInterfaceOrientations_iPhone = "UIInterfaceOrientationPortrait UIInterfaceOrientationLandscapeLeft UIInterfaceOrientationLandscapeRight";
				LD_RUNPATH_SEARCH_PATHS = (
					"$(inherited)",
					"@executable_path/Frameworks",
				);
				MARKETING_VERSION = 1.0.7;
				PRODUCT_BUNDLE_IDENTIFIER = com.fotcamp.finhub;
				PRODUCT_NAME = "$(TARGET_NAME)";
				SWIFT_EMIT_LOC_STRINGS = YES;
				SWIFT_VERSION = 5.0;
				TARGETED_DEVICE_FAMILY = "1,2";
			};
			name = Debug;
		};
		FDFD05E32B74E59E0029CA87 /* Release */ = {
			isa = XCBuildConfiguration;
			buildSettings = {
				ASSETCATALOG_COMPILER_APPICON_NAME = AppIcon;
				ASSETCATALOG_COMPILER_GLOBAL_ACCENT_COLOR_NAME = AccentColor;
				CODE_SIGN_STYLE = Automatic;
				CURRENT_PROJECT_VERSION = 1;
				DEVELOPMENT_ASSET_PATHS = "\"app/Preview Content\"";
				DEVELOPMENT_TEAM = JBY3X8KKJH;
				ENABLE_PREVIEWS = YES;
				GENERATE_INFOPLIST_FILE = YES;
				INFOPLIST_KEY_CFBundleDisplayName = "핀허브";
				INFOPLIST_KEY_UIApplicationSceneManifest_Generation = YES;
				INFOPLIST_KEY_UIApplicationSupportsIndirectInputEvents = YES;
				INFOPLIST_KEY_UILaunchScreen_Generation = YES;
				INFOPLIST_KEY_UISupportedInterfaceOrientations_iPad = "UIInterfaceOrientationPortrait UIInterfaceOrientationPortraitUpsideDown UIInterfaceOrientationLandscapeLeft UIInterfaceOrientationLandscapeRight";
				INFOPLIST_KEY_UISupportedInterfaceOrientations_iPhone = "UIInterfaceOrientationPortrait UIInterfaceOrientationLandscapeLeft UIInterfaceOrientationLandscapeRight";
				LD_RUNPATH_SEARCH_PATHS = (
					"$(inherited)",
					"@executable_path/Frameworks",
				);
				MARKETING_VERSION = 1.0.7;
				PRODUCT_BUNDLE_IDENTIFIER = com.fotcamp.finhub;
				PRODUCT_NAME = "$(TARGET_NAME)";
				SWIFT_EMIT_LOC_STRINGS = YES;
				SWIFT_VERSION = 5.0;
				TARGETED_DEVICE_FAMILY = "1,2";
			};
			name = Release;
		};
		FDFD05E52B74E59E0029CA87 /* Debug */ = {
			isa = XCBuildConfiguration;
			buildSettings = {
				ALWAYS_EMBED_SWIFT_STANDARD_LIBRARIES = YES;
				BUNDLE_LOADER = "$(TEST_HOST)";
				CODE_SIGN_STYLE = Automatic;
				CURRENT_PROJECT_VERSION = 1;
				DEVELOPMENT_TEAM = JBY3X8KKJH;
				GENERATE_INFOPLIST_FILE = YES;
				IPHONEOS_DEPLOYMENT_TARGET = 16.4;
				MARKETING_VERSION = 1.0;
				PRODUCT_BUNDLE_IDENTIFIER = com.finhub.appTests;
				PRODUCT_NAME = "$(TARGET_NAME)";
				SWIFT_EMIT_LOC_STRINGS = NO;
				SWIFT_VERSION = 5.0;
				TARGETED_DEVICE_FAMILY = "1,2";
				TEST_HOST = "$(BUILT_PRODUCTS_DIR)/app.app/$(BUNDLE_EXECUTABLE_FOLDER_PATH)/app";
			};
			name = Debug;
		};
		FDFD05E62B74E59E0029CA87 /* Release */ = {
			isa = XCBuildConfiguration;
			buildSettings = {
				ALWAYS_EMBED_SWIFT_STANDARD_LIBRARIES = YES;
				BUNDLE_LOADER = "$(TEST_HOST)";
				CODE_SIGN_STYLE = Automatic;
				CURRENT_PROJECT_VERSION = 1;
				DEVELOPMENT_TEAM = JBY3X8KKJH;
				GENERATE_INFOPLIST_FILE = YES;
				IPHONEOS_DEPLOYMENT_TARGET = 16.4;
				MARKETING_VERSION = 1.0;
				PRODUCT_BUNDLE_IDENTIFIER = com.finhub.appTests;
				PRODUCT_NAME = "$(TARGET_NAME)";
				SWIFT_EMIT_LOC_STRINGS = NO;
				SWIFT_VERSION = 5.0;
				TARGETED_DEVICE_FAMILY = "1,2";
				TEST_HOST = "$(BUILT_PRODUCTS_DIR)/app.app/$(BUNDLE_EXECUTABLE_FOLDER_PATH)/app";
			};
			name = Release;
		};
		FDFD05E82B74E59E0029CA87 /* Debug */ = {
			isa = XCBuildConfiguration;
			buildSettings = {
				ALWAYS_EMBED_SWIFT_STANDARD_LIBRARIES = YES;
				CODE_SIGN_STYLE = Automatic;
				CURRENT_PROJECT_VERSION = 1;
				DEVELOPMENT_TEAM = JBY3X8KKJH;
				GENERATE_INFOPLIST_FILE = YES;
				MARKETING_VERSION = 1.0;
				PRODUCT_BUNDLE_IDENTIFIER = com.finhub.appUITests;
				PRODUCT_NAME = "$(TARGET_NAME)";
				SWIFT_EMIT_LOC_STRINGS = NO;
				SWIFT_VERSION = 5.0;
				TARGETED_DEVICE_FAMILY = "1,2";
				TEST_TARGET_NAME = app;
			};
			name = Debug;
		};
		FDFD05E92B74E59E0029CA87 /* Release */ = {
			isa = XCBuildConfiguration;
			buildSettings = {
				ALWAYS_EMBED_SWIFT_STANDARD_LIBRARIES = YES;
				CODE_SIGN_STYLE = Automatic;
				CURRENT_PROJECT_VERSION = 1;
				DEVELOPMENT_TEAM = JBY3X8KKJH;
				GENERATE_INFOPLIST_FILE = YES;
				MARKETING_VERSION = 1.0;
				PRODUCT_BUNDLE_IDENTIFIER = com.finhub.appUITests;
				PRODUCT_NAME = "$(TARGET_NAME)";
				SWIFT_EMIT_LOC_STRINGS = NO;
				SWIFT_VERSION = 5.0;
				TARGETED_DEVICE_FAMILY = "1,2";
				TEST_TARGET_NAME = app;
			};
			name = Release;
		};
/* End XCBuildConfiguration section */

/* Begin XCConfigurationList section */
		FDFD05B82B74E59C0029CA87 /* Build configuration list for PBXProject "app" */ = {
			isa = XCConfigurationList;
			buildConfigurations = (
				FDFD05DF2B74E59E0029CA87 /* Debug */,
				FDFD05E02B74E59E0029CA87 /* Release */,
			);
			defaultConfigurationIsVisible = 0;
			defaultConfigurationName = Release;
		};
		FDFD05E12B74E59E0029CA87 /* Build configuration list for PBXNativeTarget "app" */ = {
			isa = XCConfigurationList;
			buildConfigurations = (
				FDFD05E22B74E59E0029CA87 /* Debug */,
				FDFD05E32B74E59E0029CA87 /* Release */,
			);
			defaultConfigurationIsVisible = 0;
			defaultConfigurationName = Release;
		};
		FDFD05E42B74E59E0029CA87 /* Build configuration list for PBXNativeTarget "appTests" */ = {
			isa = XCConfigurationList;
			buildConfigurations = (
				FDFD05E52B74E59E0029CA87 /* Debug */,
				FDFD05E62B74E59E0029CA87 /* Release */,
			);
			defaultConfigurationIsVisible = 0;
			defaultConfigurationName = Release;
		};
		FDFD05E72B74E59E0029CA87 /* Build configuration list for PBXNativeTarget "appUITests" */ = {
			isa = XCConfigurationList;
			buildConfigurations = (
				FDFD05E82B74E59E0029CA87 /* Debug */,
				FDFD05E92B74E59E0029CA87 /* Release */,
			);
			defaultConfigurationIsVisible = 0;
			defaultConfigurationName = Release;
		};
/* End XCConfigurationList section */

/* Begin XCRemoteSwiftPackageReference section */
		FD7C22BF2B79208E00CA1FC1 /* XCRemoteSwiftPackageReference "firebase-ios-sdk" */ = {
			isa = XCRemoteSwiftPackageReference;
			repositoryURL = "https://github.com/firebase/firebase-ios-sdk";
			requirement = {
				kind = upToNextMajorVersion;
				minimumVersion = 10.21.0;
			};
		};
/* End XCRemoteSwiftPackageReference section */

/* Begin XCSwiftPackageProductDependency section */
		FD7C22C02B79208E00CA1FC1 /* FirebaseAnalytics */ = {
			isa = XCSwiftPackageProductDependency;
			package = FD7C22BF2B79208E00CA1FC1 /* XCRemoteSwiftPackageReference "firebase-ios-sdk" */;
			productName = FirebaseAnalytics;
		};
/* End XCSwiftPackageProductDependency section */
	};
	rootObject = FDFD05B52B74E59C0029CA87 /* Project object */;
}
